{
  "name": "mpex",
  "version": "1.0.0",
  "lockfileVersion": 1,
  "requires": true,
  "dependencies": {
    "typescript": {
      "version": "2.8.3",
      "resolved": "https://registry.npmjs.org/typescript/-/typescript-2.8.3.tgz",
      "integrity": "sha512-K7g15Bb6Ra4lKf7Iq2l/I5/En+hLIHmxWZGq3D4DIRNFxMNV6j2SHSvDOqs2tGd4UvD/fJvrwopzQXjLrT7Itw==",
      "dev": true
    },
    "wechat-mp-types": {
      "version": "1.1.201805282221",
      "resolved": "https://registry.npmjs.org/wechat-mp-types/-/wechat-mp-types-1.1.201805282221.tgz",
      "integrity": "sha512-Heue0B7ubAQmuYG/zE9sZURfUZu/U2+1tl7AXFVmwaOUpSF/MkYeerZmnBTC79vbprrCO1PLW3egh/+wBozHEQ==",
      "dev": true
    }
  }
}
