{
  "name": "mpex",
  "version": "1.0.4",
  "lockfileVersion": 1,
  "requires": true,
  "dependencies": {
    "typescript": {
      "version": "2.8.3",
      "resolved": "https://registry.npmjs.org/typescript/-/typescript-2.8.3.tgz",
      "integrity": "sha512-K7g15Bb6Ra4lKf7Iq2l/I5/En+hLIHmxWZGq3D4DIRNFxMNV6j2SHSvDOqs2tGd4UvD/fJvrwopzQXjLrT7Itw==",
      "dev": true
    },
    "wechat-mp-types": {
      "version": "1.3.0",
      "resolved": "https://registry.npmjs.org/wechat-mp-types/-/wechat-mp-types-1.3.0.tgz",
      "integrity": "sha512-MInRaJ3B8CfZazctizwejxq752sHIEvUJNfhNn/KqkcvS1UTowZyt8tpQ6EpCsgZidG7N5lwbhgA18471T69Sw==",
      "dev": true
    }
  }
}
