{
  "name": "mpex",
  "version": "1.0.1",
  "lockfileVersion": 1,
  "requires": true,
  "dependencies": {
    "typescript": {
      "version": "2.8.3",
      "resolved": "https://registry.npmjs.org/typescript/-/typescript-2.8.3.tgz",
      "integrity": "sha512-K7g15Bb6Ra4lKf7Iq2l/I5/En+hLIHmxWZGq3D4DIRNFxMNV6j2SHSvDOqs2tGd4UvD/fJvrwopzQXjLrT7Itw==",
      "dev": true
    },
    "wechat-mp-types": {
      "version": "1.2.1",
      "resolved": "https://registry.npmjs.org/wechat-mp-types/-/wechat-mp-types-1.2.1.tgz",
      "integrity": "sha512-b6r8J5E2SjmkYr64HRb1zN8tIXUA94wqlmzoAlK7MDN6S2ls8g/f1HSMSmim7BCNOdvRicD2kJllLeLV7slYsA==",
      "dev": true
    }
  }
}
